github.com/auth0/go-jwt-middleware/v2 v2.0.0 h1:jft2yYteA6wpwTj1uxSLwE0TlHCjodMQvX7+eyqJiOQ=
github.com/auth0/go-jwt-middleware/v2 v2.0.0/go.mod h1:/y7nPmfWDnJhCbFq22haCAU7vufwsOUzTthLVleE6/8=
github.com/aws/aws-sdk-go-v2 v1.15.0 h1:f9kWLNfyCzCB43eupDAk3/XgJ2EpgktiySD6leqs0js=
github.com/aws/aws-sdk-go-v2 v1.15.0/go.mod h1:lJYcuZZEHWNIb6ugJjbQY1fykdoobWbOS7kJYb4APoI=
github.com/aws/aws-sdk-go-v2/config v1.15.0 h1:cibCYF2c2uq0lsbu0Ggbg8RuGeiHCmXwUlTMS77CiK4=
github.com/aws/aws-sdk-go-v2/config v1.15.0/go.mod h1:NccaLq2Z9doMmeQXHQRrt2rm+2FbkrcPvfdbCaQn5hY=
github.com/aws/aws-sdk-go-v2/credentials v1.10.0 h1:M/FFpf2w31F7xqJqJLgiM0mFpLOtBvwZggORr6QCpo8=
github.com/aws/aws-sdk-go-v2/credentials v1.10.0/go.mod h1:HWJMr4ut5X+Lt/7epc7I6Llg5QIcoFHKAeIzw32t6EE=
github.com/aws/aws-sdk-go-v2/feature/ec2/imds v1.12.0 h1:gUlb+I7NwDtqJUIRcFYDiheYa97PdVHG/5Iz+SwdoHE=
github.com/aws/aws-sdk-go-v2/feature/ec2/imds v1.12.0/go.mod h1:prX26x9rmLwkEE1VVCelQOQgRN9sOVIssgowIJ270SE=
github.com/aws/aws-sdk-go-v2/feature/rds/auth v1.1.16 h1:yd+tN16LqoX/x1QJihVP3owT1AutIDEYFfOkuDM5B7A=
github.com/aws/aws-sdk-go-v2/feature/rds/auth v1.1.16/go.mod h1:7VXkODj4fdefxMJ3YNESRPF19wtr+5Y41AtmlTEGw80=
github.com/aws/aws-sdk-go-v2/internal/configsources v1.1.6 h1:xiGjGVQsem2cxoIX61uRGy+Jux2s9C/kKbTrWLdrU54=
github.com/aws/aws-sdk-go-v2/internal/configsources v1.1.6/go.mod h1:SSPEdf9spsFgJyhjrXvawfpyzrXHBCUe+2eQ1CjC1Ak=
github.com/aws/aws-sdk-go-v2/internal/endpoints/v2 v2.4.0 h1:bt3zw79tm209glISdMRCIVRCwvSDXxgAxh5KWe2qHkY=
github.com/aws/aws-sdk-go-v2/internal/endpoints/v2 v2.4.0/go.mod h1:viTrxhAuejD+LszDahzAE2x40YjYWhMqzHxv2ZiWaME=
github.com/aws/aws-sdk-go-v2/internal/ini v1.3.7 h1:QOMEP8jnO8sm0SX/4G7dbaIq2eEP2wcWEsF0jzrXLJc=
github.com/aws/aws-sdk-go-v2/internal/ini v1.3.7/go.mod h1:P5sjYYf2nc5dE6cZIzEMsVtq6XeLD7c4rM+kQJPrByA=
github.com/aws/aws-sdk-go-v2/service/internal/presigned-url v1.9.0 h1:YQ3fTXACo7xeAqg0NiqcCmBOXJruUfh+4+O2qxF2EjQ=
github.com/aws/aws-sdk-go-v2/service/internal/presigned-url v1.9.0/go.mod h1:R31ot6BgESRCIoxwfKtIHzZMo/vsZn2un81g9BJ4nmo=
github.com/aws/aws-sdk-go-v2/service/sso v1.11.0 h1:gZLEXLH6NiU8Y52nRhK1jA+9oz7LZzBK242fi/ziXa4=
github.com/aws/aws-sdk-go-v2/service/sso v1.11.0/go.mod h1:d1WcT0OjggjQCAdOkph8ijkr5sUwk1IH/VenOn7W1PU=
github.com/aws/aws-sdk-go-v2/service/sts v1.16.0 h1:0+X/rJ2+DTBKWbUsn7WtF0JvNk/fRf928vkFsXkbbZs=
github.com/aws/aws-sdk-go-v2/service/sts v1.16.0/go.mod h1:+8k4H2ASUZZXmjx/s3DFLo9tGBb44lkz3XcgfypJY7s=
github.com/aws/smithy-go v1.11.1 h1:IQ+lPZVkSM3FRtyaDox41R8YS6iwPMYIreejOgPW49g=
github.com/aws/smithy-go v1.11.1/go.mod h1:3xHYmszWVx2c0kIwQeEVf9uSm4fYZt67FBJnwub1bgM=
github.com/davecgh/go-spew v1.1.0 h1:ZDRjVQ15GmhC3fiQ8ni8+OwkZQO4DARzQgrnXU1Liz8=
github.com/davecgh/go-spew v1.1.0/go.mod h1:J7Y8YcW2NihsgmVo/mv3lAwl/skON4iLHjSsI+c5H38=
github.com/google/go-cmp v0.5.6/go.mod h1:v8dTdLbMG2kIc/vJvl+f65V22dbkXbowE6jgT/gNBxE=
github.com/google/go-cmp v0.5.7 h1:81/ik6ipDQS2aGcBfIN5dHDB36BwrStyeAQquSYCV4o=
github.com/google/go-cmp v0.5.7/go.mod h1:n+brtR0CgQNWTVd5ZUFpTBC8YFBDLK/h/bpaJ8/DtOE=
github.com/gorilla/mux v1.8.0 h1:i40aqfkR1h2SlN9hojwV5ZA91wcXFOvkdNIeFDP5koI=
github.com/gorilla/mux v1.8.0/go.mod h1:DVbg23sWSpFRCP0SfiEN6jmj59UnW/n46BH5rLB71So=
github.com/jmespath/go-jmespath v0.4.0/go.mod h1:T8mJZnbsbmF+m6zOOFylbeCJqk5+pHWvzYPziyZiYoo=
github.com/jmespath/go-jmespath/internal/testify v1.5.1/go.mod h1:L3OGu8Wl2/fWfCI6z80xFu9LTZmf1ZRjMHUOPmWr69U=
github.com/joho/godotenv v1.4.0 h1:3l4+N6zfMWnkbPEXKng2o2/MR5mSwTrBih4ZEkkz1lg=
github.com/joho/godotenv v1.4.0/go.mod h1:f4LDr5Voq0i2e/R5DDNOoa2zzDfwtkZa6DnEwAbqwq4=
github.com/lib/pq v1.10.4 h1:SO9z7FRPzA03QhHKJrH5BXA6HU1rS4V2nIVrrNC1iYk=
github.com/lib/pq v1.10.4/go.mod h1:AlVN5x4E4T544tWzH6hKfbfQvm3HdbOxrmggDNAPY9o=
github.com/pkg/errors v0.9.1 h1:FEBLx1zS214owpjy7qsBeixbURkuhQAwrK5UwLGTwt4=
github.com/pkg/errors v0.9.1/go.mod h1:bwawxfHBFNV+L2hUp1rHADufV3IMtnDRdf1r5NINEl0=
github.com/pmezard/go-difflib v1.0.0 h1:4DBwDE0NGyQoBHbLQYPwSUPoCMWR5BEzIk/f1lZbAQM=
github.com/pmezard/go-difflib v1.0.0/go.mod h1:iKH77koFhYxTK1pcRnkKkqfTogsbg7gZNVY4sRDYZ/4=
github.com/stretchr/objx v0.1.0/go.mod h1:HFkY916IF+rwdDfMAkV7OtwuqBVzrE8GR6GFx+wExME=
github.com/stretchr/testify v1.7.0 h1:nwc3DEeHmmLAfoZucVR881uASk0Mfjw8xYJ99tb5CcY=
github.com/stretchr/testify v1.7.0/go.mod h1:6Fq8oRcR53rry900zMqJjRRixrwX3KX962/h/Wwjteg=
golang.org/x/crypto v0.0.0-20220112180741-5e0467b6c7ce h1:Roh6XWxHFKrPgC/EQhVubSAGQ6Ozk6IdxHSzt1mR0EI=
golang.org/x/crypto v0.0.0-20220112180741-5e0467b6c7ce/go.mod h1:IxCIyHEi3zRg3s0A5j5BB6A9Jmi73HwBIUl50j+osU4=
golang.org/x/net v0.0.0-20211112202133-69e39bad7dc2/go.mod h1:9nx3DQGgdP8bBQD5qxJ1jj9UTztislL4KSBs9R2vV5Y=
golang.org/x/sys v0.0.0-20201119102817-f84b799fce68/go.mod h1:h1NjWce9XRLGQEsW7wpKNCjG9DtNlClVuFLEZdDNbEs=
golang.org/x/sys v0.0.0-20210423082822-04245dca01da/go.mod h1:h1NjWce9XRLGQEsW7wpKNCjG9DtNlClVuFLEZdDNbEs=
golang.org/x/sys v0.0.0-20210615035016-665e8c7367d1/go.mod h1:oPkhp1MJrh7nUepCBck5+mAzfO9JrbApNNgaTdGDITg=
golang.org/x/term v0.0.0-20201126162022-7de9c90e9dd1/go.mod h1:bj7SfCRtBDWHUb9snDiAeCFNEtKQo2Wmx5Cou7ajbmo=
golang.org/x/text v0.3.6/go.mod h1:5Zoc/QRtKVWzQhOtBMvqHzDpF6irO9z98xDceosuGiQ=
golang.org/x/tools v0.0.0-20180917221912-90fa682c2a6e/go.mod h1:n7NCudcB/nEzxVGmLbDWY5pfWTLqBcC2KZ6jyYvM4mQ=
golang.org/x/xerrors v0.0.0-20191204190536-9bdfabe68543 h1:E7g+9GITq07hpfrRu66IVDexMakfv52eLZ2CXBWiKr4=
golang.org/x/xerrors v0.0.0-20191204190536-9bdfabe68543/go.mod h1:I/5z698sn9Ka8TeJc9MKroUUfqBBauWjQqLJ2OPfmY0=
gopkg.in/check.v1 v0.0.0-20161208181325-20d25e280405/go.mod h1:Co6ibVJAznAaIkqp8huTwlJQCZ016jof/cbN4VW5Yz0=
gopkg.in/square/go-jose.v2 v2.6.0 h1:NGk74WTnPKBNUhNzQX7PYcTLUjoq7mzKk2OKbvwk2iI=
gopkg.in/square/go-jose.v2 v2.6.0/go.mod h1:M9dMgbHiYLoDGQrXy7OpJDJWiKiU//h+vD76mk0e1AI=
gopkg.in/yaml.v2 v2.2.8/go.mod h1:hI93XBmqTisBFMUTm0b8Fm+jr3Dg1NNxqwp+5A1VGuI=
gopkg.in/yaml.v3 v3.0.0-20200313102051-9f266ea9e77c h1:dUUwHk2QECo/6vqA44rthZ8ie2QXMNeKRTHCNY2nXvo=
gopkg.in/yaml.v3 v3.0.0-20200313102051-9f266ea9e77c/go.mod h1:K4uyk7z7BCEPqu6E+C64Yfv1cQ7kz7rIZviUmN+EgEM=
